
Microsoft Visual Studio Solution File, Format Version 11.00
# Visual C# Express 2010
Project("{FAE04EC0-301F-11D3-BF4B-00C04F79EFBC}") = "netduino-feeder", "netduino-feeder\netduino-feeder.csproj", "{47C0783C-2193-4BB4-9201-390DD23CE9F6}"
EndProject
Global
	GlobalSection(SolutionConfigurationPlatforms) = preSolution
		Debug|Any CPU = Debug|Any CPU
		Release|Any CPU = Release|Any CPU
	EndGlobalSection
	GlobalSection(ProjectConfigurationPlatforms) = postSolution
		{47C0783C-2193-4BB4-9201-390DD23CE9F6}.Debug|Any CPU.ActiveCfg = Debug|Any CPU
		{47C0783C-2193-4BB4-9201-390DD23CE9F6}.Debug|Any CPU.Build.0 = Debug|Any CPU
		{47C0783C-2193-4BB4-9201-390DD23CE9F6}.Debug|Any CPU.Deploy.0 = Debug|Any CPU
		{47C0783C-2193-4BB4-9201-390DD23CE9F6}.Release|Any CPU.ActiveCfg = Release|Any CPU
		{47C0783C-2193-4BB4-9201-390DD23CE9F6}.Release|Any CPU.Build.0 = Release|Any CPU
		{47C0783C-2193-4BB4-9201-390DD23CE9F6}.Release|Any CPU.Deploy.0 = Release|Any CPU
	EndGlobalSection
	GlobalSection(SolutionProperties) = preSolution
		HideSolutionNode = FALSE
	EndGlobalSection
EndGlobal
